
Microsoft Visual Studio Solution File, Format Version 12.00
# Visual Studio 14
VisualStudioVersion = 14.0.25420.1
MinimumVisualStudioVersion = 10.0.40219.1
Project("{8BC9CEB8-8B4A-11D0-8D11-00A0C91BC942}") = "segm", "segm\segm.vcxproj", "{5CA9B6EB-0798-4D9A-AB76-321C6B0A3C62}"
EndProject
Project("{8BC9CEB8-8B4A-11D0-8D11-00A0C91BC942}") = "copy_hist", "copy_hist\copy_hist.vcxproj", "{0BF20BCC-3933-4981-B7FD-596D966AF035}"
EndProject
Project("{8BC9CEB8-8B4A-11D0-8D11-00A0C91BC942}") = "poisson", "poisson\poisson.vcxproj", "{2FC1DBB3-0FCD-4E38-A8D0-670F2E177BE3}"
EndProject
Project("{8BC9CEB8-8B4A-11D0-8D11-00A0C91BC942}") = "gil_utils", "gil_utils\gil_utils.vcxproj", "{552404F2-26A9-48FB-9010-1B8C3AC151A7}"
EndProject
Global
	GlobalSection(SolutionConfigurationPlatforms) = preSolution
		Debug|x64 = Debug|x64
		Debug|x86 = Debug|x86
		Release|x64 = Release|x64
		Release|x86 = Release|x86
	EndGlobalSection
	GlobalSection(ProjectConfigurationPlatforms) = postSolution
		{5CA9B6EB-0798-4D9A-AB76-321C6B0A3C62}.Debug|x64.ActiveCfg = Debug|x64
		{5CA9B6EB-0798-4D9A-AB76-321C6B0A3C62}.Debug|x64.Build.0 = Debug|x64
		{5CA9B6EB-0798-4D9A-AB76-321C6B0A3C62}.Debug|x86.ActiveCfg = Debug|Win32
		{5CA9B6EB-0798-4D9A-AB76-321C6B0A3C62}.Debug|x86.Build.0 = Debug|Win32
		{5CA9B6EB-0798-4D9A-AB76-321C6B0A3C62}.Release|x64.ActiveCfg = Release|x64
		{5CA9B6EB-0798-4D9A-AB76-321C6B0A3C62}.Release|x64.Build.0 = Release|x64
		{5CA9B6EB-0798-4D9A-AB76-321C6B0A3C62}.Release|x86.ActiveCfg = Release|Win32
		{5CA9B6EB-0798-4D9A-AB76-321C6B0A3C62}.Release|x86.Build.0 = Release|Win32
		{0BF20BCC-3933-4981-B7FD-596D966AF035}.Debug|x64.ActiveCfg = Debug|x64
		{0BF20BCC-3933-4981-B7FD-596D966AF035}.Debug|x64.Build.0 = Debug|x64
		{0BF20BCC-3933-4981-B7FD-596D966AF035}.Debug|x86.ActiveCfg = Debug|Win32
		{0BF20BCC-3933-4981-B7FD-596D966AF035}.Debug|x86.Build.0 = Debug|Win32
		{0BF20BCC-3933-4981-B7FD-596D966AF035}.Release|x64.ActiveCfg = Release|x64
		{0BF20BCC-3933-4981-B7FD-596D966AF035}.Release|x64.Build.0 = Release|x64
		{0BF20BCC-3933-4981-B7FD-596D966AF035}.Release|x86.ActiveCfg = Release|Win32
		{0BF20BCC-3933-4981-B7FD-596D966AF035}.Release|x86.Build.0 = Release|Win32
		{2FC1DBB3-0FCD-4E38-A8D0-670F2E177BE3}.Debug|x64.ActiveCfg = Debug|x64
		{2FC1DBB3-0FCD-4E38-A8D0-670F2E177BE3}.Debug|x64.Build.0 = Debug|x64
		{2FC1DBB3-0FCD-4E38-A8D0-670F2E177BE3}.Debug|x86.ActiveCfg = Debug|Win32
		{2FC1DBB3-0FCD-4E38-A8D0-670F2E177BE3}.Debug|x86.Build.0 = Debug|Win32
		{2FC1DBB3-0FCD-4E38-A8D0-670F2E177BE3}.Release|x64.ActiveCfg = Release|x64
		{2FC1DBB3-0FCD-4E38-A8D0-670F2E177BE3}.Release|x64.Build.0 = Release|x64
		{2FC1DBB3-0FCD-4E38-A8D0-670F2E177BE3}.Release|x86.ActiveCfg = Release|Win32
		{2FC1DBB3-0FCD-4E38-A8D0-670F2E177BE3}.Release|x86.Build.0 = Release|Win32
		{552404F2-26A9-48FB-9010-1B8C3AC151A7}.Debug|x64.ActiveCfg = Debug|x64
		{552404F2-26A9-48FB-9010-1B8C3AC151A7}.Debug|x64.Build.0 = Debug|x64
		{552404F2-26A9-48FB-9010-1B8C3AC151A7}.Debug|x86.ActiveCfg = Debug|Win32
		{552404F2-26A9-48FB-9010-1B8C3AC151A7}.Debug|x86.Build.0 = Debug|Win32
		{552404F2-26A9-48FB-9010-1B8C3AC151A7}.Release|x64.ActiveCfg = Release|x64
		{552404F2-26A9-48FB-9010-1B8C3AC151A7}.Release|x64.Build.0 = Release|x64
		{552404F2-26A9-48FB-9010-1B8C3AC151A7}.Release|x86.ActiveCfg = Release|Win32
		{552404F2-26A9-48FB-9010-1B8C3AC151A7}.Release|x86.Build.0 = Release|Win32
	EndGlobalSection
	GlobalSection(SolutionProperties) = preSolution
		HideSolutionNode = FALSE
	EndGlobalSection
EndGlobal
